
Microsoft Visual Studio Solution File, Format Version 12.00
# Visual Studio Version 17
VisualStudioVersion = 17.6.33723.286
MinimumVisualStudioVersion = 10.0.40219.1
Project("{FAE04EC0-301F-11D3-BF4B-00C04F79EFBC}") = "ECommerce.UI", "ECommerce.UI\ECommerce.UI.csproj", "{A0CDE797-92C8-4111-A809-9AC3AE756B49}"
EndProject
Project("{FAE04EC0-301F-11D3-BF4B-00C04F79EFBC}") = "ECommerce.Domain", "ECommerce.Domain\ECommerce.Domain.csproj", "{0256D95C-B8A5-4C8C-9D38-031A5EE84DBD}"
EndProject
Project("{FAE04EC0-301F-11D3-BF4B-00C04F79EFBC}") = "ECommerce.Data", "ECommerce.Data\ECommerce.Data.csproj", "{FC40AF6D-DE1B-4CD5-B295-EDE1A709A8D9}"
EndProject
Global
	GlobalSection(SolutionConfigurationPlatforms) = preSolution
		Debug|Any CPU = Debug|Any CPU
		Release|Any CPU = Release|Any CPU
	EndGlobalSection
	GlobalSection(ProjectConfigurationPlatforms) = postSolution
		{A0CDE797-92C8-4111-A809-9AC3AE756B49}.Debug|Any CPU.ActiveCfg = Debug|Any CPU
		{A0CDE797-92C8-4111-A809-9AC3AE756B49}.Debug|Any CPU.Build.0 = Debug|Any CPU
		{A0CDE797-92C8-4111-A809-9AC3AE756B49}.Release|Any CPU.ActiveCfg = Release|Any CPU
		{A0CDE797-92C8-4111-A809-9AC3AE756B49}.Release|Any CPU.Build.0 = Release|Any CPU
		{0256D95C-B8A5-4C8C-9D38-031A5EE84DBD}.Debug|Any CPU.ActiveCfg = Debug|Any CPU
		{0256D95C-B8A5-4C8C-9D38-031A5EE84DBD}.Debug|Any CPU.Build.0 = Debug|Any CPU
		{0256D95C-B8A5-4C8C-9D38-031A5EE84DBD}.Release|Any CPU.ActiveCfg = Release|Any CPU
		{0256D95C-B8A5-4C8C-9D38-031A5EE84DBD}.Release|Any CPU.Build.0 = Release|Any CPU
		{FC40AF6D-DE1B-4CD5-B295-EDE1A709A8D9}.Debug|Any CPU.ActiveCfg = Debug|Any CPU
		{FC40AF6D-DE1B-4CD5-B295-EDE1A709A8D9}.Debug|Any CPU.Build.0 = Debug|Any CPU
		{FC40AF6D-DE1B-4CD5-B295-EDE1A709A8D9}.Release|Any CPU.ActiveCfg = Release|Any CPU
		{FC40AF6D-DE1B-4CD5-B295-EDE1A709A8D9}.Release|Any CPU.Build.0 = Release|Any CPU
	EndGlobalSection
	GlobalSection(SolutionProperties) = preSolution
		HideSolutionNode = FALSE
	EndGlobalSection
	GlobalSection(ExtensibilityGlobals) = postSolution
		SolutionGuid = {8B787FED-2B6A-4FE8-9084-60FD1C867FB4}
	EndGlobalSection
EndGlobal
